{
  "nodes": {
    "agenix": {
      "inputs": {
        "darwin": "darwin",
        "home-manager": "home-manager",
        "nixpkgs": [
          "nixpkgs"
        ],
        "systems": "systems"
      },
      "locked": {
        "lastModified": 1761656077,
        "narHash": "sha256-lsNWuj4Z+pE7s0bd2OKicOFq9bK86JE0ZGeKJbNqb94=",
        "owner": "ryantm",
        "repo": "agenix",
        "rev": "9ba0d85de3eaa7afeab493fed622008b6e4924f5",
        "type": "github"
      },
      "original": {
        "owner": "ryantm",
        "repo": "agenix",
        "type": "github"
      }
    },
    "brew-src": {
      "flake": false,
      "locked": {
        "lastModified": 1758543057,
        "narHash": "sha256-lw3V2jOGYphUFHYQ5oARcb6urlbNpUCLJy1qhsGdUmc=",
        "owner": "Homebrew",
        "repo": "brew",
        "rev": "5b236456eb93133c2bd0d60ef35ed63f1c0712f6",
        "type": "github"
      },
      "original": {
        "owner": "Homebrew",
        "ref": "4.6.12",
        "repo": "brew",
        "type": "github"
      }
    },
    "darwin": {
      "inputs": {
        "nixpkgs": [
          "agenix",
          "nixpkgs"
        ]
      },
      "locked": {
        "lastModified": 1744478979,
        "narHash": "sha256-dyN+teG9G82G+m+PX/aSAagkC+vUv0SgUw3XkPhQodQ=",
        "owner": "lnl7",
        "repo": "nix-darwin",
        "rev": "43975d782b418ebf4969e9ccba82466728c2851b",
        "type": "github"
      },
      "original": {
        "owner": "lnl7",
        "ref": "master",
        "repo": "nix-darwin",
        "type": "github"
      }
    },
    "flake-parts": {
      "inputs": {
        "nixpkgs-lib": [
          "nixpkgs"
        ]
      },
      "locked": {
        "lastModified": 1760948891,
        "narHash": "sha256-TmWcdiUUaWk8J4lpjzu4gCGxWY6/Ok7mOK4fIFfBuU4=",
        "owner": "hercules-ci",
        "repo": "flake-parts",
        "rev": "864599284fc7c0ba6357ed89ed5e2cd5040f0c04",
        "type": "github"
      },
      "original": {
        "owner": "hercules-ci",
        "repo": "flake-parts",
        "type": "github"
      }
    },
    "flake-parts_2": {
      "inputs": {
        "nixpkgs-lib": [
          "neovim-nightly-overlay",
          "nixpkgs"
        ]
      },
      "locked": {
        "lastModified": 1760948891,
        "narHash": "sha256-TmWcdiUUaWk8J4lpjzu4gCGxWY6/Ok7mOK4fIFfBuU4=",
        "owner": "hercules-ci",
        "repo": "flake-parts",
        "rev": "864599284fc7c0ba6357ed89ed5e2cd5040f0c04",
        "type": "github"
      },
      "original": {
        "owner": "hercules-ci",
        "repo": "flake-parts",
        "type": "github"
      }
    },
    "flake-parts_3": {
      "inputs": {
        "nixpkgs-lib": [
          "nixvim",
          "nixpkgs"
        ]
      },
      "locked": {
        "lastModified": 1760948891,
        "narHash": "sha256-TmWcdiUUaWk8J4lpjzu4gCGxWY6/Ok7mOK4fIFfBuU4=",
        "owner": "hercules-ci",
        "repo": "flake-parts",
        "rev": "864599284fc7c0ba6357ed89ed5e2cd5040f0c04",
        "type": "github"
      },
      "original": {
        "owner": "hercules-ci",
        "repo": "flake-parts",
        "type": "github"
      }
    },
    "flake-root": {
      "locked": {
        "lastModified": 1723604017,
        "narHash": "sha256-rBtQ8gg+Dn4Sx/s+pvjdq3CB2wQNzx9XGFq/JVGCB6k=",
        "owner": "srid",
        "repo": "flake-root",
        "rev": "b759a56851e10cb13f6b8e5698af7b59c44be26e",
        "type": "github"
      },
      "original": {
        "owner": "srid",
        "repo": "flake-root",
        "type": "github"
      }
    },
    "flake-utils": {
      "inputs": {
        "systems": "systems_2"
      },
      "locked": {
        "lastModified": 1731533236,
        "narHash": "sha256-l0KFg5HjrsfsO/JpG+r7fRrqm12kzFHyUHqHCVpMMbI=",
        "owner": "numtide",
        "repo": "flake-utils",
        "rev": "11707dc2f618dd54ca8739b309ec4fc024de578b",
        "type": "github"
      },
      "original": {
        "owner": "numtide",
        "repo": "flake-utils",
        "type": "github"
      }
    },
    "helix": {
      "inputs": {
        "nixpkgs": [
          "nixpkgs"
        ],
        "rust-overlay": "rust-overlay"
      },
      "locked": {
        "lastModified": 1761757466,
        "narHash": "sha256-O9TAPvjILerwD2cxkNpMtUBinDXNt+sZo7jBINY8kGw=",
        "owner": "helix-editor",
        "repo": "helix",
        "rev": "d752d907c9b2760c01c5ea2a700b5e8a2fe90f13",
        "type": "github"
      },
      "original": {
        "owner": "helix-editor",
        "repo": "helix",
        "type": "github"
      }
    },
    "home-manager": {
      "inputs": {
        "nixpkgs": [
          "agenix",
          "nixpkgs"
        ]
      },
      "locked": {
        "lastModified": 1745494811,
        "narHash": "sha256-YZCh2o9Ua1n9uCvrvi5pRxtuVNml8X2a03qIFfRKpFs=",
        "owner": "nix-community",
        "repo": "home-manager",
        "rev": "abfad3d2958c9e6300a883bd443512c55dfeb1be",
        "type": "github"
      },
      "original": {
        "owner": "nix-community",
        "repo": "home-manager",
        "type": "github"
      }
    },
    "home-manager_2": {
      "inputs": {
        "nixpkgs": [
          "nixpkgs"
        ]
      },
      "locked": {
        "lastModified": 1761770832,
        "narHash": "sha256-IQIWG6kHxnUpx5KEb9r0BROL3/R6UQ/30aO2oHncBA8=",
        "owner": "nix-community",
        "repo": "home-manager",
        "rev": "124b99dbd1594dbebdd575ac7142752ee96a98a0",
        "type": "github"
      },
      "original": {
        "owner": "nix-community",
        "repo": "home-manager",
        "type": "github"
      }
    },
    "homebrew-bundle": {
      "flake": false,
      "locked": {
        "lastModified": 1745335228,
        "narHash": "sha256-TIKR2UgtyUmHLNZp255/vLs+1I10hXe+sciMEbAGFwE=",
        "owner": "Homebrew",
        "repo": "homebrew-bundle",
        "rev": "a3265c84b232e13048ecbf6fc18a2eedfadbeb08",
        "type": "github"
      },
      "original": {
        "owner": "Homebrew",
        "repo": "homebrew-bundle",
        "type": "github"
      }
    },
    "homebrew-cask": {
      "flake": false,
      "locked": {
        "lastModified": 1761801381,
        "narHash": "sha256-DaCBcDw3Cp3rITODuapHpAgItM7ndCmLPTdIoyQFwJ4=",
        "owner": "Homebrew",
        "repo": "homebrew-cask",
        "rev": "0b238a2389f3062a48cbd08798825d607f3cf146",
        "type": "github"
      },
      "original": {
        "owner": "Homebrew",
        "repo": "homebrew-cask",
        "type": "github"
      }
    },
    "homebrew-core": {
      "flake": false,
      "locked": {
        "lastModified": 1761799271,
        "narHash": "sha256-ttbETNO0/VdcnKOgdv7C1GTub9c+wDnPmijehwssV98=",
        "owner": "Homebrew",
        "repo": "homebrew-core",
        "rev": "38f66fe3f15e5c43128f5f5c6bb35e4f672ca9a1",
        "type": "github"
      },
      "original": {
        "owner": "Homebrew",
        "repo": "homebrew-core",
        "type": "github"
      }
    },
    "ixx": {
      "inputs": {
        "flake-utils": [
          "nixvim",
          "nuschtosSearch",
          "flake-utils"
        ],
        "nixpkgs": [
          "nixvim",
          "nuschtosSearch",
          "nixpkgs"
        ]
      },
      "locked": {
        "lastModified": 1754860581,
        "narHash": "sha256-EM0IE63OHxXCOpDHXaTyHIOk2cNvMCGPqLt/IdtVxgk=",
        "owner": "NuschtOS",
        "repo": "ixx",
        "rev": "babfe85a876162c4acc9ab6fb4483df88fa1f281",
        "type": "github"
      },
      "original": {
        "owner": "NuschtOS",
        "ref": "v0.1.1",
        "repo": "ixx",
        "type": "github"
      }
    },
    "macos-fuse-t-cask": {
      "flake": false,
      "locked": {
        "lastModified": 1754718280,
        "narHash": "sha256-zjZnQHCI6HvzOZGPfj7qMzLYVeLMpjJgv/LMCcVx97E=",
        "owner": "macos-fuse-t",
        "repo": "homebrew-cask",
        "rev": "422fabd4154deef41b2e8e9a57d763f0bf1a444f",
        "type": "github"
      },
      "original": {
        "owner": "macos-fuse-t",
        "repo": "homebrew-cask",
        "type": "github"
      }
    },
    "mission-control": {
      "locked": {
        "lastModified": 1733438716,
        "narHash": "sha256-1tt43rwHk0N5fwEhbpsHWO4nBVFCQN0w1KM427DNycM=",
        "owner": "Platonic-Systems",
        "repo": "mission-control",
        "rev": "65d04c4ab9db076eff09824d2936a5c215c21f36",
        "type": "github"
      },
      "original": {
        "owner": "Platonic-Systems",
        "repo": "mission-control",
        "type": "github"
      }
    },
    "neovim-nightly-overlay": {
      "inputs": {
        "flake-parts": "flake-parts_2",
        "neovim-src": "neovim-src",
        "nixpkgs": "nixpkgs"
      },
      "locked": {
        "lastModified": 1761696321,
        "narHash": "sha256-UpAmPtmsO9g7+uECR+NsjuKCYPa5SFj2akkjLc51k8I=",
        "owner": "nix-community",
        "repo": "neovim-nightly-overlay",
        "rev": "37853aa4419e22dc2b7544e4238dd880af673bc8",
        "type": "github"
      },
      "original": {
        "owner": "nix-community",
        "repo": "neovim-nightly-overlay",
        "rev": "37853aa4419e22dc2b7544e4238dd880af673bc8",
        "type": "github"
      }
    },
    "neovim-src": {
      "flake": false,
      "locked": {
        "lastModified": 1761695393,
        "narHash": "sha256-BMoy/in1jne82gM2LEiBG6hhiyllyvmSNBf4Vhrho7s=",
        "owner": "neovim",
        "repo": "neovim",
        "rev": "c2781d3db3efa3a86d9f383a0886567ff38e4d63",
        "type": "github"
      },
      "original": {
        "owner": "neovim",
        "repo": "neovim",
        "type": "github"
      }
    },
    "nix-darwin": {
      "inputs": {
        "nixpkgs": [
          "nixpkgs"
        ]
      },
      "locked": {
        "lastModified": 1761339987,
        "narHash": "sha256-IUaawVwItZKi64IA6kF6wQCLCzpXbk2R46dHn8sHkig=",
        "owner": "nix-darwin",
        "repo": "nix-darwin",
        "rev": "7cd9aac79ee2924a85c211d21fafd394b06a38de",
        "type": "github"
      },
      "original": {
        "owner": "nix-darwin",
        "repo": "nix-darwin",
        "type": "github"
      }
    },
    "nix-homebrew": {
      "inputs": {
        "brew-src": "brew-src"
      },
      "locked": {
        "lastModified": 1758598228,
        "narHash": "sha256-qr60maXGbZ4FX5tejPRI3nr0bnRTnZ3AbbbfO6/6jq4=",
        "owner": "zhaofengli",
        "repo": "nix-homebrew",
        "rev": "f36e5db56e117f7df701ab152d0d2036ea85218c",
        "type": "github"
      },
      "original": {
        "owner": "zhaofengli",
        "repo": "nix-homebrew",
        "type": "github"
      }
    },
    "nixpkgs": {
      "locked": {
        "lastModified": 1761594641,
        "narHash": "sha256-sImk6SJQASDLQo8l+0zWWaBgg7TueLS6lTvdH5pBZpo=",
        "owner": "NixOS",
        "repo": "nixpkgs",
        "rev": "1666250dbe4141e4ca8aaf89b40a3a51c2e36144",
        "type": "github"
      },
      "original": {
        "owner": "NixOS",
        "ref": "nixpkgs-unstable",
        "repo": "nixpkgs",
        "type": "github"
      }
    },
    "nixpkgs_2": {
      "locked": {
        "lastModified": 1761785401,
        "narHash": "sha256-PKG8NzUgzoac3iAe12zo2EjcXJTAPWE+2dh0+t35J4M=",
        "rev": "08dacfca559e1d7da38f3cf05f1f45ee9bfd213c",
        "type": "tarball",
        "url": "https://releases.nixos.org/nixos/unstable/nixos-25.11pre886100.08dacfca559e/nixexprs.tar.xz"
      },
      "original": {
        "type": "tarball",
        "url": "https://channels.nixos.org/nixos-unstable/nixexprs.tar.xz"
      }
    },
    "nixvim": {
      "inputs": {
        "flake-parts": "flake-parts_3",
        "nixpkgs": [
          "nixpkgs"
        ],
        "nuschtosSearch": "nuschtosSearch",
        "systems": "systems_3"
      },
      "locked": {
        "lastModified": 1761744315,
        "narHash": "sha256-OknzyEoI+VEYgk/FWMyx3tvjb/MPPyqS+G/aemDz51w=",
        "owner": "nix-community",
        "repo": "nixvim",
        "rev": "6233fc6b2c3f203d8a5970f4a2c1df5777902717",
        "type": "github"
      },
      "original": {
        "owner": "nix-community",
        "repo": "nixvim",
        "type": "github"
      }
    },
    "nuschtosSearch": {
      "inputs": {
        "flake-utils": "flake-utils",
        "ixx": "ixx",
        "nixpkgs": [
          "nixvim",
          "nixpkgs"
        ]
      },
      "locked": {
        "lastModified": 1761730856,
        "narHash": "sha256-t1i5p/vSWwueZSC0Z2BImxx3BjoUDNKyC2mk24krcMY=",
        "owner": "NuschtOS",
        "repo": "search",
        "rev": "e29de6db0cb3182e9aee75a3b1fd1919d995d85b",
        "type": "github"
      },
      "original": {
        "owner": "NuschtOS",
        "repo": "search",
        "type": "github"
      }
    },
    "root": {
      "inputs": {
        "agenix": "agenix",
        "flake-parts": "flake-parts",
        "flake-root": "flake-root",
        "helix": "helix",
        "home-manager": "home-manager_2",
        "homebrew-bundle": "homebrew-bundle",
        "homebrew-cask": "homebrew-cask",
        "homebrew-core": "homebrew-core",
        "macos-fuse-t-cask": "macos-fuse-t-cask",
        "mission-control": "mission-control",
        "neovim-nightly-overlay": "neovim-nightly-overlay",
        "nix-darwin": "nix-darwin",
        "nix-homebrew": "nix-homebrew",
        "nixpkgs": "nixpkgs_2",
        "nixvim": "nixvim",
        "secrets": "secrets",
        "systems": "systems_4",
        "treefmt-nix": "treefmt-nix"
      }
    },
    "rust-overlay": {
      "inputs": {
        "nixpkgs": [
          "helix",
          "nixpkgs"
        ]
      },
      "locked": {
        "lastModified": 1759631821,
        "narHash": "sha256-V8A1L0FaU/aSXZ1QNJScxC12uP4hANeRBgI4YdhHeRM=",
        "owner": "oxalica",
        "repo": "rust-overlay",
        "rev": "1d7cbdaad90f8a5255a89a6eddd8af24dc89cafe",
        "type": "github"
      },
      "original": {
        "owner": "oxalica",
        "repo": "rust-overlay",
        "type": "github"
      }
    },
    "secrets": {
      "flake": false,
      "locked": {
        "lastModified": 1735719991,
        "narHash": "sha256-t2UtBA+hD7QZJI00lv61dwxJxDtbtwc9Mwxc/OSlkpw=",
        "owner": "s3igo",
        "repo": "secrets",
        "rev": "f1586b9b30b9a6650a0aef901662ae36d63ffa51",
        "type": "github"
      },
      "original": {
        "owner": "s3igo",
        "repo": "secrets",
        "type": "github"
      }
    },
    "systems": {
      "locked": {
        "lastModified": 1681028828,
        "narHash": "sha256-Vy1rq5AaRuLzOxct8nz4T6wlgyUR7zLU309k9mBC768=",
        "owner": "nix-systems",
        "repo": "default",
        "rev": "da67096a3b9bf56a91d16901293e51ba5b49a27e",
        "type": "github"
      },
      "original": {
        "owner": "nix-systems",
        "repo": "default",
        "type": "github"
      }
    },
    "systems_2": {
      "locked": {
        "lastModified": 1681028828,
        "narHash": "sha256-Vy1rq5AaRuLzOxct8nz4T6wlgyUR7zLU309k9mBC768=",
        "owner": "nix-systems",
        "repo": "default",
        "rev": "da67096a3b9bf56a91d16901293e51ba5b49a27e",
        "type": "github"
      },
      "original": {
        "owner": "nix-systems",
        "repo": "default",
        "type": "github"
      }
    },
    "systems_3": {
      "locked": {
        "lastModified": 1681028828,
        "narHash": "sha256-Vy1rq5AaRuLzOxct8nz4T6wlgyUR7zLU309k9mBC768=",
        "owner": "nix-systems",
        "repo": "default",
        "rev": "da67096a3b9bf56a91d16901293e51ba5b49a27e",
        "type": "github"
      },
      "original": {
        "owner": "nix-systems",
        "repo": "default",
        "type": "github"
      }
    },
    "systems_4": {
      "locked": {
        "lastModified": 1681028828,
        "narHash": "sha256-Vy1rq5AaRuLzOxct8nz4T6wlgyUR7zLU309k9mBC768=",
        "owner": "nix-systems",
        "repo": "default",
        "rev": "da67096a3b9bf56a91d16901293e51ba5b49a27e",
        "type": "github"
      },
      "original": {
        "owner": "nix-systems",
        "repo": "default",
        "type": "github"
      }
    },
    "treefmt-nix": {
      "inputs": {
        "nixpkgs": [
          "nixpkgs"
        ]
      },
      "locked": {
        "lastModified": 1761311587,
        "narHash": "sha256-Msq86cR5SjozQGCnC6H8C+0cD4rnx91BPltZ9KK613Y=",
        "owner": "numtide",
        "repo": "treefmt-nix",
        "rev": "2eddae033e4e74bf581c2d1dfa101f9033dbd2dc",
        "type": "github"
      },
      "original": {
        "owner": "numtide",
        "repo": "treefmt-nix",
        "type": "github"
      }
    }
  },
  "root": "root",
  "version": 7
}
